
Microsoft Visual Studio Solution File, Format Version 12.00
# Visual Studio Version 16
VisualStudioVersion = 16.0.30330.147
MinimumVisualStudioVersion = 10.0.40219.1
Project("{FAE04EC0-301F-11D3-BF4B-00C04F79EFBC}") = "teht23", "teht23\teht23.csproj", "{AE26D558-B40A-4556-8E18-33DAA58BBB59}"
EndProject
Global
	GlobalSection(SolutionConfigurationPlatforms) = preSolution
		Debug|Any CPU = Debug|Any CPU
		Release|Any CPU = Release|Any CPU
	EndGlobalSection
	GlobalSection(ProjectConfigurationPlatforms) = postSolution
		{AE26D558-B40A-4556-8E18-33DAA58BBB59}.Debug|Any CPU.ActiveCfg = Debug|Any CPU
		{AE26D558-B40A-4556-8E18-33DAA58BBB59}.Debug|Any CPU.Build.0 = Debug|Any CPU
		{AE26D558-B40A-4556-8E18-33DAA58BBB59}.Release|Any CPU.ActiveCfg = Release|Any CPU
		{AE26D558-B40A-4556-8E18-33DAA58BBB59}.Release|Any CPU.Build.0 = Release|Any CPU
	EndGlobalSection
	GlobalSection(SolutionProperties) = preSolution
		HideSolutionNode = FALSE
	EndGlobalSection
	GlobalSection(ExtensibilityGlobals) = postSolution
		SolutionGuid = {F4D32749-6F24-4C2A-8FC4-B90928D8A5BF}
	EndGlobalSection
EndGlobal
